
Microsoft Visual Studio Solution File, Format Version 12.00
# Visual Studio 15
VisualStudioVersion = 15.0.28307.1831
MinimumVisualStudioVersion = 10.0.40219.1
Project("{159641D6-6404-4A2A-AE62-294DE0FE8301}") = "CouponRedemption_SSIS_Project", "CouponRedemption_SSIS_Project\CouponRedemption_SSIS_Project.dtproj", "{281B612A-5EC7-4D93-8116-69FA1A04F1DF}"
EndProject
Global
	GlobalSection(SolutionConfigurationPlatforms) = preSolution
		Development|Default = Development|Default
	EndGlobalSection
	GlobalSection(ProjectConfigurationPlatforms) = postSolution
		{281B612A-5EC7-4D93-8116-69FA1A04F1DF}.Development|Default.ActiveCfg = Development
		{281B612A-5EC7-4D93-8116-69FA1A04F1DF}.Development|Default.Build.0 = Development
	EndGlobalSection
	GlobalSection(SolutionProperties) = preSolution
		HideSolutionNode = FALSE
	EndGlobalSection
	GlobalSection(ExtensibilityGlobals) = postSolution
		SolutionGuid = {137FECA5-207F-490F-8E85-77D0B3DB354D}
	EndGlobalSection
EndGlobal
